// !$*UTF8*$!
{
	archiveVersion = 1;
	classes = {
	};
	objectVersion = 46;
	objects = {

/* Begin PBXBuildFile section */
		1857BF46194D41240053631F /* atemOSC.icns in Resources */ = {isa = PBXBuildFile; fileRef = 1857BF45194D41240053631F /* atemOSC.icns */; };
		18E8D87D1EA8DC6400F69290 /* Images.xcassets in Resources */ = {isa = PBXBuildFile; fileRef = 18E8D87C1EA8DC6400F69290 /* Images.xcassets */; };
		256AC3DA0F4B6AC300CF3369 /* AppDelegate.mm in Sources */ = {isa = PBXBuildFile; fileRef = 256AC3D90F4B6AC300CF3369 /* AppDelegate.mm */; };
		333E3045161395CF0002287B /* IOKit.framework in Frameworks */ = {isa = PBXBuildFile; fileRef = 333E3044161395CF0002287B /* IOKit.framework */; };
		8D11072B0486CEB800E47090 /* InfoPlist.strings in Resources */ = {isa = PBXBuildFile; fileRef = 089C165CFE840E0CC02AAC07 /* InfoPlist.strings */; };
		8D11072D0486CEB800E47090 /* main.m in Sources */ = {isa = PBXBuildFile; fileRef = 29B97316FDCFA39411CA2CEA /* main.m */; settings = {ATTRIBUTES = (); }; };
		8D11072F0486CEB800E47090 /* Cocoa.framework in Frameworks */ = {isa = PBXBuildFile; fileRef = 1058C7A1FEA54F0111CA2CBB /* Cocoa.framework */; };
		A91A812F1FAEA2DC00983D66 /* Utilities.mm in Sources */ = {isa = PBXBuildFile; fileRef = A91A812D1FAEA2DC00983D66 /* Utilities.mm */; };
		A91AF2DF2597C31C00E347C3 /* ConnectionView.mm in Sources */ = {isa = PBXBuildFile; fileRef = A91AF2DE2597C31C00E347C3 /* ConnectionView.mm */; };
		A91AF2E22597C3AC00E347C3 /* Switcher.mm in Sources */ = {isa = PBXBuildFile; fileRef = A91AF2E12597C3AC00E347C3 /* Switcher.mm */; };
		A91AF2E62598045200E347C3 /* SwitcherCell.mm in Sources */ = {isa = PBXBuildFile; fileRef = A91AF2E52598045200E347C3 /* SwitcherCell.mm */; };
		A91AF2E9259828F400E347C3 /* OutlineView.mm in Sources */ = {isa = PBXBuildFile; fileRef = A91AF2E8259828F400E347C3 /* OutlineView.mm */; };
		A91EFE6B23D7519E00590AD0 /* OSCEndpoint.mm in Sources */ = {isa = PBXBuildFile; fileRef = A91EFE6923D7519E00590AD0 /* OSCEndpoint.mm */; };
		A91EFE7123D7559700590AD0 /* BMDSwitcherAPIDispatch.cpp in Sources */ = {isa = PBXBuildFile; fileRef = A91EFE7023D7559700590AD0 /* BMDSwitcherAPIDispatch.cpp */; };
		A92D308F1F832BA900CCAC68 /* FeedbackMonitors.mm in Sources */ = {isa = PBXBuildFile; fileRef = A92D308D1F832BA900CCAC68 /* FeedbackMonitors.mm */; };
		A98839421F8D913800F91789 /* OSCAddressView.mm in Sources */ = {isa = PBXBuildFile; fileRef = A98839411F8D913800F91789 /* OSCAddressView.mm */; };
		A9942E0125968E9100E77A10 /* MainWindow.xib in Resources */ = {isa = PBXBuildFile; fileRef = A9942E0025968E9100E77A10 /* MainWindow.xib */; };
		A9942E0425968FAB00E77A10 /* Window.mm in Sources */ = {isa = PBXBuildFile; fileRef = A9942E0325968FAB00E77A10 /* Window.mm */; };
		A9A9AA932594255A00890134 /* VVBasics.framework in CopyFiles */ = {isa = PBXBuildFile; fileRef = A9A9A9452594209100890134 /* VVBasics.framework */; settings = {ATTRIBUTES = (CodeSignOnCopy, RemoveHeadersOnCopy, ); }; };
		A9A9AA942594255A00890134 /* VVOSC.framework in CopyFiles */ = {isa = PBXBuildFile; fileRef = A9A9A9472594209100890134 /* VVOSC.framework */; settings = {ATTRIBUTES = (CodeSignOnCopy, RemoveHeadersOnCopy, ); }; };
		A9D0B4DF259FCE5D00FF0733 /* LogView.mm in Sources */ = {isa = PBXBuildFile; fileRef = A9D0B4DE259FCE5D00FF0733 /* LogView.mm */; };
		A9F7906A1F89B83D003ACBCF /* OSCReceiver.mm in Sources */ = {isa = PBXBuildFile; fileRef = A9F790691F89B83C003ACBCF /* OSCReceiver.mm */; };
		A9FB8B5A25943693003B4581 /* VVBasics.framework in Frameworks */ = {isa = PBXBuildFile; fileRef = A9A9A9452594209100890134 /* VVBasics.framework */; };
		A9FB8B5B25943693003B4581 /* VVOSC.framework in Frameworks */ = {isa = PBXBuildFile; fileRef = A9A9A9472594209100890134 /* VVOSC.framework */; };
/* End PBXBuildFile section */

/* Begin PBXCopyFilesBuildPhase section */
		33C7E52F156FDC7C008129CF /* CopyFiles */ = {
			isa = PBXCopyFilesBuildPhase;
			buildActionMask = 2147483647;
			dstPath = "";
			dstSubfolderSpec = 10;
			files = (
				A9A9AA932594255A00890134 /* VVBasics.framework in CopyFiles */,
				A9A9AA942594255A00890134 /* VVOSC.framework in CopyFiles */,
			);
			runOnlyForDeploymentPostprocessing = 0;
		};
/* End PBXCopyFilesBuildPhase section */

/* Begin PBXFileReference section */
		089C165DFE840E0CC02AAC07 /* English */ = {isa = PBXFileReference; fileEncoding = 4; lastKnownFileType = text.plist.strings; name = English; path = English.lproj/InfoPlist.strings; sourceTree = "<group>"; };
		1058C7A1FEA54F0111CA2CBB /* Cocoa.framework */ = {isa = PBXFileReference; lastKnownFileType = wrapper.framework; name = Cocoa.framework; path = /System/Library/Frameworks/Cocoa.framework; sourceTree = "<absolute>"; };
		13E42FB307B3F0F600E4EEF1 /* CoreData.framework */ = {isa = PBXFileReference; lastKnownFileType = wrapper.framework; name = CoreData.framework; path = /System/Library/Frameworks/CoreData.framework; sourceTree = "<absolute>"; };
		1857BF45194D41240053631F /* atemOSC.icns */ = {isa = PBXFileReference; lastKnownFileType = image.icns; path = atemOSC.icns; sourceTree = "<group>"; };
		18E8D87C1EA8DC6400F69290 /* Images.xcassets */ = {isa = PBXFileReference; lastKnownFileType = folder.assetcatalog; name = Images.xcassets; path = AtemOSC/Images.xcassets; sourceTree = "<group>"; };
		256AC3D80F4B6AC300CF3369 /* AppDelegate.h */ = {isa = PBXFileReference; fileEncoding = 4; lastKnownFileType = sourcecode.c.h; path = AppDelegate.h; sourceTree = "<group>"; };
		256AC3D90F4B6AC300CF3369 /* AppDelegate.mm */ = {isa = PBXFileReference; fileEncoding = 4; lastKnownFileType = sourcecode.cpp.objcpp; path = AppDelegate.mm; sourceTree = "<group>"; };
		29B97316FDCFA39411CA2CEA /* main.m */ = {isa = PBXFileReference; fileEncoding = 4; lastKnownFileType = sourcecode.c.objc; path = main.m; sourceTree = "<group>"; };
		29B97324FDCFA39411CA2CEA /* AppKit.framework */ = {isa = PBXFileReference; lastKnownFileType = wrapper.framework; name = AppKit.framework; path = /System/Library/Frameworks/AppKit.framework; sourceTree = "<absolute>"; };
		29B97325FDCFA39411CA2CEA /* Foundation.framework */ = {isa = PBXFileReference; lastKnownFileType = wrapper.framework; name = Foundation.framework; path = /System/Library/Frameworks/Foundation.framework; sourceTree = "<absolute>"; };
		333E3044161395CF0002287B /* IOKit.framework */ = {isa = PBXFileReference; lastKnownFileType = wrapper.framework; name = IOKit.framework; path = /System/Library/Frameworks/IOKit.framework; sourceTree = "<absolute>"; };
		8D1107310486CEB800E47090 /* atemOSC-Info.plist */ = {isa = PBXFileReference; fileEncoding = 4; lastKnownFileType = text.plist.xml; path = "atemOSC-Info.plist"; sourceTree = "<group>"; };
		8D1107320486CEB800E47090 /* atemOSC.app */ = {isa = PBXFileReference; explicitFileType = wrapper.application; includeInIndex = 0; path = atemOSC.app; sourceTree = BUILT_PRODUCTS_DIR; };
		A91A812D1FAEA2DC00983D66 /* Utilities.mm */ = {isa = PBXFileReference; lastKnownFileType = sourcecode.cpp.objcpp; path = Utilities.mm; sourceTree = "<group>"; };
		A91A812E1FAEA2DC00983D66 /* Utilities.h */ = {isa = PBXFileReference; lastKnownFileType = sourcecode.c.h; path = Utilities.h; sourceTree = "<group>"; };
		A91AF2DD2597C31C00E347C3 /* ConnectionView.h */ = {isa = PBXFileReference; lastKnownFileType = sourcecode.c.h; path = ConnectionView.h; sourceTree = "<group>"; };
		A91AF2DE2597C31C00E347C3 /* ConnectionView.mm */ = {isa = PBXFileReference; lastKnownFileType = sourcecode.cpp.objcpp; path = ConnectionView.mm; sourceTree = "<group>"; };
		A91AF2E02597C3AC00E347C3 /* Switcher.h */ = {isa = PBXFileReference; lastKnownFileType = sourcecode.c.h; path = Switcher.h; sourceTree = "<group>"; };
		A91AF2E12597C3AC00E347C3 /* Switcher.mm */ = {isa = PBXFileReference; lastKnownFileType = sourcecode.cpp.objcpp; path = Switcher.mm; sourceTree = "<group>"; };
		A91AF2E42598045200E347C3 /* SwitcherCell.h */ = {isa = PBXFileReference; lastKnownFileType = sourcecode.c.h; path = SwitcherCell.h; sourceTree = "<group>"; };
		A91AF2E52598045200E347C3 /* SwitcherCell.mm */ = {isa = PBXFileReference; lastKnownFileType = sourcecode.cpp.objcpp; path = SwitcherCell.mm; sourceTree = "<group>"; };
		A91AF2E7259828F400E347C3 /* OutlineView.h */ = {isa = PBXFileReference; lastKnownFileType = sourcecode.c.h; path = OutlineView.h; sourceTree = "<group>"; };
		A91AF2E8259828F400E347C3 /* OutlineView.mm */ = {isa = PBXFileReference; lastKnownFileType = sourcecode.cpp.objcpp; path = OutlineView.mm; sourceTree = "<group>"; };
		A91EFE6923D7519E00590AD0 /* OSCEndpoint.mm */ = {isa = PBXFileReference; fileEncoding = 4; lastKnownFileType = sourcecode.cpp.objcpp; path = OSCEndpoint.mm; sourceTree = "<group>"; };
		A91EFE6A23D7519E00590AD0 /* OSCEndpoint.h */ = {isa = PBXFileReference; fileEncoding = 4; lastKnownFileType = sourcecode.c.h; path = OSCEndpoint.h; sourceTree = "<group>"; };
		A91EFE6F23D7559700590AD0 /* BMDSwitcherAPI.h */ = {isa = PBXFileReference; fileEncoding = 4; lastKnownFileType = sourcecode.c.h; path = BMDSwitcherAPI.h; sourceTree = "<group>"; };
		A91EFE7023D7559700590AD0 /* BMDSwitcherAPIDispatch.cpp */ = {isa = PBXFileReference; fileEncoding = 4; lastKnownFileType = sourcecode.cpp.cpp; path = BMDSwitcherAPIDispatch.cpp; sourceTree = "<group>"; };
		A92D308C1F832B9200CCAC68 /* FeedbackMonitors.h */ = {isa = PBXFileReference; lastKnownFileType = sourcecode.c.h; path = FeedbackMonitors.h; sourceTree = "<group>"; };
		A92D308D1F832BA900CCAC68 /* FeedbackMonitors.mm */ = {isa = PBXFileReference; lastKnownFileType = sourcecode.cpp.objcpp; path = FeedbackMonitors.mm; sourceTree = "<group>"; };
		A98839401F8D913800F91789 /* OSCAddressView.h */ = {isa = PBXFileReference; lastKnownFileType = sourcecode.c.h; path = OSCAddressView.h; sourceTree = "<group>"; };
		A98839411F8D913800F91789 /* OSCAddressView.mm */ = {isa = PBXFileReference; lastKnownFileType = sourcecode.cpp.objcpp; path = OSCAddressView.mm; sourceTree = "<group>"; };
		A9942E0025968E9100E77A10 /* MainWindow.xib */ = {isa = PBXFileReference; lastKnownFileType = file.xib; path = MainWindow.xib; sourceTree = "<group>"; };
		A9942E0225968FAB00E77A10 /* Window.h */ = {isa = PBXFileReference; lastKnownFileType = sourcecode.c.h; path = Window.h; sourceTree = "<group>"; };
		A9942E0325968FAB00E77A10 /* Window.mm */ = {isa = PBXFileReference; lastKnownFileType = sourcecode.cpp.objcpp; path = Window.mm; sourceTree = "<group>"; };
		A9A9A81825941C8400890134 /* atemOSC.entitlements */ = {isa = PBXFileReference; lastKnownFileType = text.plist.entitlements; name = atemOSC.entitlements; path = AtemOSC/atemOSC.entitlements; sourceTree = "<group>"; };
		A9A9A9452594209100890134 /* VVBasics.framework */ = {isa = PBXFileReference; explicitFileType = wrapper.framework; path = VVBasics.framework; sourceTree = BUILT_PRODUCTS_DIR; };
		A9A9A9472594209100890134 /* VVOSC.framework */ = {isa = PBXFileReference; explicitFileType = wrapper.framework; path = VVOSC.framework; sourceTree = BUILT_PRODUCTS_DIR; };
		A9D0B4DD259FCE5D00FF0733 /* LogView.h */ = {isa = PBXFileReference; lastKnownFileType = sourcecode.c.h; path = LogView.h; sourceTree = "<group>"; };
		A9D0B4DE259FCE5D00FF0733 /* LogView.mm */ = {isa = PBXFileReference; lastKnownFileType = sourcecode.cpp.objcpp; path = LogView.mm; sourceTree = "<group>"; };
		A9F790691F89B83C003ACBCF /* OSCReceiver.mm */ = {isa = PBXFileReference; lastKnownFileType = sourcecode.cpp.objcpp; path = OSCReceiver.mm; sourceTree = "<group>"; };
		A9F7906B1F89B857003ACBCF /* OSCReceiver.h */ = {isa = PBXFileReference; lastKnownFileType = sourcecode.c.h; path = OSCReceiver.h; sourceTree = "<group>"; };
/* End PBXFileReference section */

/* Begin PBXFrameworksBuildPhase section */
		8D11072E0486CEB800E47090 /* Frameworks */ = {
			isa = PBXFrameworksBuildPhase;
			buildActionMask = 2147483647;
			files = (
				A9FB8B5A25943693003B4581 /* VVBasics.framework in Frameworks */,
				A9FB8B5B25943693003B4581 /* VVOSC.framework in Frameworks */,
				333E3045161395CF0002287B /* IOKit.framework in Frameworks */,
				8D11072F0486CEB800E47090 /* Cocoa.framework in Frameworks */,
			);
			runOnlyForDeploymentPostprocessing = 0;
		};
/* End PBXFrameworksBuildPhase section */

/* Begin PBXGroup section */
		080E96DDFE201D6D7F000001 /* Classes */ = {
			isa = PBXGroup;
			children = (
				A91AF2E32598040700E347C3 /* User Interface */,
				A91AF2D92597C07200E347C3 /* Entities */,
				256AC3D80F4B6AC300CF3369 /* AppDelegate.h */,
				256AC3D90F4B6AC300CF3369 /* AppDelegate.mm */,
				A92D308C1F832B9200CCAC68 /* FeedbackMonitors.h */,
				A92D308D1F832BA900CCAC68 /* FeedbackMonitors.mm */,
				A9F7906B1F89B857003ACBCF /* OSCReceiver.h */,
				A9F790691F89B83C003ACBCF /* OSCReceiver.mm */,
				A91A812E1FAEA2DC00983D66 /* Utilities.h */,
				A91A812D1FAEA2DC00983D66 /* Utilities.mm */,
			);
			name = Classes;
			sourceTree = "<group>";
		};
		1058C7A0FEA54F0111CA2CBB /* Linked Frameworks */ = {
			isa = PBXGroup;
			children = (
				333E3044161395CF0002287B /* IOKit.framework */,
				1058C7A1FEA54F0111CA2CBB /* Cocoa.framework */,
			);
			name = "Linked Frameworks";
			sourceTree = "<group>";
		};
		1058C7A2FEA54F0111CA2CBB /* Other Frameworks */ = {
			isa = PBXGroup;
			children = (
				29B97324FDCFA39411CA2CEA /* AppKit.framework */,
				13E42FB307B3F0F600E4EEF1 /* CoreData.framework */,
				29B97325FDCFA39411CA2CEA /* Foundation.framework */,
			);
			name = "Other Frameworks";
			sourceTree = "<group>";
		};
		19C28FACFE9D520D11CA2CBB /* Products */ = {
			isa = PBXGroup;
			children = (
				8D1107320486CEB800E47090 /* atemOSC.app */,
			);
			name = Products;
			sourceTree = "<group>";
		};
		29B97314FDCFA39411CA2CEA /* SwitcherPanel */ = {
			isa = PBXGroup;
			children = (
				A9A9A81825941C8400890134 /* atemOSC.entitlements */,
				080E96DDFE201D6D7F000001 /* Classes */,
				29B97315FDCFA39411CA2CEA /* Other Sources */,
				29B97317FDCFA39411CA2CEA /* Resources */,
				29B97323FDCFA39411CA2CEA /* Frameworks */,
				19C28FACFE9D520D11CA2CBB /* Products */,
			);
			name = SwitcherPanel;
			sourceTree = "<group>";
		};
		29B97315FDCFA39411CA2CEA /* Other Sources */ = {
			isa = PBXGroup;
			children = (
				A91EFE6F23D7559700590AD0 /* BMDSwitcherAPI.h */,
				A91EFE7023D7559700590AD0 /* BMDSwitcherAPIDispatch.cpp */,
				29B97316FDCFA39411CA2CEA /* main.m */,
			);
			name = "Other Sources";
			sourceTree = "<group>";
		};
		29B97317FDCFA39411CA2CEA /* Resources */ = {
			isa = PBXGroup;
			children = (
				18E8D87C1EA8DC6400F69290 /* Images.xcassets */,
				8D1107310486CEB800E47090 /* atemOSC-Info.plist */,
				089C165CFE840E0CC02AAC07 /* InfoPlist.strings */,
				1857BF45194D41240053631F /* atemOSC.icns */,
				A9942E0025968E9100E77A10 /* MainWindow.xib */,
			);
			name = Resources;
			sourceTree = "<group>";
		};
		29B97323FDCFA39411CA2CEA /* Frameworks */ = {
			isa = PBXGroup;
			children = (
				A9A9A9452594209100890134 /* VVBasics.framework */,
				A9A9A9472594209100890134 /* VVOSC.framework */,
				1058C7A0FEA54F0111CA2CBB /* Linked Frameworks */,
				1058C7A2FEA54F0111CA2CBB /* Other Frameworks */,
			);
			name = Frameworks;
			sourceTree = "<group>";
		};
		A91AF2D92597C07200E347C3 /* Entities */ = {
			isa = PBXGroup;
			children = (
				A91EFE6A23D7519E00590AD0 /* OSCEndpoint.h */,
				A91EFE6923D7519E00590AD0 /* OSCEndpoint.mm */,
				A91AF2E02597C3AC00E347C3 /* Switcher.h */,
				A91AF2E12597C3AC00E347C3 /* Switcher.mm */,
			);
			name = Entities;
			sourceTree = "<group>";
		};
		A91AF2E32598040700E347C3 /* User Interface */ = {
			isa = PBXGroup;
			children = (
				A98839401F8D913800F91789 /* OSCAddressView.h */,
				A98839411F8D913800F91789 /* OSCAddressView.mm */,
				A91AF2DD2597C31C00E347C3 /* ConnectionView.h */,
				A91AF2DE2597C31C00E347C3 /* ConnectionView.mm */,
				A9942E0225968FAB00E77A10 /* Window.h */,
				A9942E0325968FAB00E77A10 /* Window.mm */,
				A91AF2E42598045200E347C3 /* SwitcherCell.h */,
				A91AF2E52598045200E347C3 /* SwitcherCell.mm */,
				A91AF2E7259828F400E347C3 /* OutlineView.h */,
				A91AF2E8259828F400E347C3 /* OutlineView.mm */,
				A9D0B4DD259FCE5D00FF0733 /* LogView.h */,
				A9D0B4DE259FCE5D00FF0733 /* LogView.mm */,
			);
			name = "User Interface";
			sourceTree = "<group>";
		};
/* End PBXGroup section */

/* Begin PBXNativeTarget section */
		8D1107260486CEB800E47090 /* AtemOSC */ = {
			isa = PBXNativeTarget;
			buildConfigurationList = C01FCF4A08A954540054247B /* Build configuration list for PBXNativeTarget "AtemOSC" */;
			buildPhases = (
				8D1107290486CEB800E47090 /* Resources */,
				8D11072C0486CEB800E47090 /* Sources */,
				8D11072E0486CEB800E47090 /* Frameworks */,
				33C7E52F156FDC7C008129CF /* CopyFiles */,
			);
			buildRules = (
			);
			dependencies = (
			);
			name = AtemOSC;
			productInstallPath = "$(HOME)/Applications";
			productName = SwitcherPanel;
			productReference = 8D1107320486CEB800E47090 /* atemOSC.app */;
			productType = "com.apple.product-type.application";
		};
/* End PBXNativeTarget section */

/* Begin PBXProject section */
		29B97313FDCFA39411CA2CEA /* Project object */ = {
			isa = PBXProject;
			attributes = {
				LastUpgradeCheck = 1230;
				TargetAttributes = {
					8D1107260486CEB800E47090 = {
						DevelopmentTeam = LRNWZB2D4D;
						LastSwiftMigration = 1230;
						ProvisioningStyle = Automatic;
					};
				};
			};
			buildConfigurationList = C01FCF4E08A954540054247B /* Build configuration list for PBXProject "atemOSC" */;
			compatibilityVersion = "Xcode 3.2";
			developmentRegion = en;
			hasScannedForEncodings = 1;
			knownRegions = (
				English,
				en,
				fr,
				ja,
				de,
				Base,
			);
			mainGroup = 29B97314FDCFA39411CA2CEA /* SwitcherPanel */;
			projectDirPath = "";
			projectRoot = "";
			targets = (
				8D1107260486CEB800E47090 /* AtemOSC */,
			);
		};
/* End PBXProject section */

/* Begin PBXResourcesBuildPhase section */
		8D1107290486CEB800E47090 /* Resources */ = {
			isa = PBXResourcesBuildPhase;
			buildActionMask = 2147483647;
			files = (
				8D11072B0486CEB800E47090 /* InfoPlist.strings in Resources */,
				18E8D87D1EA8DC6400F69290 /* Images.xcassets in Resources */,
				1857BF46194D41240053631F /* atemOSC.icns in Resources */,
				A9942E0125968E9100E77A10 /* MainWindow.xib in Resources */,
			);
			runOnlyForDeploymentPostprocessing = 0;
		};
/* End PBXResourcesBuildPhase section */

/* Begin PBXSourcesBuildPhase section */
		8D11072C0486CEB800E47090 /* Sources */ = {
			isa = PBXSourcesBuildPhase;
			buildActionMask = 2147483647;
			files = (
				8D11072D0486CEB800E47090 /* main.m in Sources */,
				A91A812F1FAEA2DC00983D66 /* Utilities.mm in Sources */,
				A91EFE6B23D7519E00590AD0 /* OSCEndpoint.mm in Sources */,
				A98839421F8D913800F91789 /* OSCAddressView.mm in Sources */,
				A91AF2E62598045200E347C3 /* SwitcherCell.mm in Sources */,
				A9F7906A1F89B83D003ACBCF /* OSCReceiver.mm in Sources */,
				256AC3DA0F4B6AC300CF3369 /* AppDelegate.mm in Sources */,
				A92D308F1F832BA900CCAC68 /* FeedbackMonitors.mm in Sources */,
				A91AF2E9259828F400E347C3 /* OutlineView.mm in Sources */,
				A9D0B4DF259FCE5D00FF0733 /* LogView.mm in Sources */,
				A91EFE7123D7559700590AD0 /* BMDSwitcherAPIDispatch.cpp in Sources */,
				A91AF2DF2597C31C00E347C3 /* ConnectionView.mm in Sources */,
				A91AF2E22597C3AC00E347C3 /* Switcher.mm in Sources */,
				A9942E0425968FAB00E77A10 /* Window.mm in Sources */,
			);
			runOnlyForDeploymentPostprocessing = 0;
		};
/* End PBXSourcesBuildPhase section */

/* Begin PBXVariantGroup section */
		089C165CFE840E0CC02AAC07 /* InfoPlist.strings */ = {
			isa = PBXVariantGroup;
			children = (
				089C165DFE840E0CC02AAC07 /* English */,
			);
			name = InfoPlist.strings;
			sourceTree = "<group>";
		};
/* End PBXVariantGroup section */

/* Begin XCBuildConfiguration section */
		C01FCF4B08A954540054247B /* Debug */ = {
			isa = XCBuildConfiguration;
			buildSettings = {
				ALWAYS_SEARCH_USER_PATHS = NO;
				ASSETCATALOG_COMPILER_APPICON_NAME = AppIcon;
				CLANG_ENABLE_MODULES = YES;
				CLANG_ENABLE_OBJC_ARC = YES;
				CLANG_ENABLE_OBJC_WEAK = YES;
				CODE_SIGN_ENTITLEMENTS = AtemOSC/atemOSC.entitlements;
				CODE_SIGN_IDENTITY = "Apple Development";
				CODE_SIGN_STYLE = Automatic;
				COMBINE_HIDPI_IMAGES = YES;
				COPY_PHASE_STRIP = NO;
				CURRENT_PROJECT_VERSION = 6;
				DEVELOPMENT_TEAM = LRNWZB2D4D;
				ENABLE_HARDENED_RUNTIME = YES;
				FRAMEWORK_SEARCH_PATHS = (
					"$(inherited)",
					"\"$(SYSTEM_APPS_DIR)/Blackmagic ATEM Switchers/Developer SDK/Mac OS X/Samples/SwitcherPanel\"",
					"\"$(SRCROOT)\"",
				);
				GCC_DYNAMIC_NO_PIC = NO;
				GCC_MODEL_TUNING = G5;
				GCC_OPTIMIZATION_LEVEL = 0;
				GCC_PRECOMPILE_PREFIX_HEADER = YES;
				GCC_PREFIX_HEADER = SwitcherPanel_Prefix.pch;
				INFOPLIST_FILE = "atemOSC-Info.plist";
				INSTALL_PATH = "$(HOME)/Applications";
				LD_RUNPATH_SEARCH_PATHS = "@loader_path/../Frameworks @executable_path/../Frameworks";
				MACH_O_TYPE = mh_execute;
				MACOSX_DEPLOYMENT_TARGET = 10.9;
				MARKETING_VERSION = 4.0.0;
				PRODUCT_BUNDLE_IDENTIFIER = com.atemosc.atemOSC;
				PRODUCT_NAME = atemOSC;
				PROVISIONING_PROFILE_SPECIFIER = "";
				SDKROOT = macosx;
				SWIFT_OBJC_BRIDGING_HEADER = "AtemOSC-Bridging-Header.h";
				SWIFT_OPTIMIZATION_LEVEL = "-Onone";
				SWIFT_VERSION = 5.0;
			};
			name = Debug;
		};
		C01FCF4C08A954540054247B /* Release */ = {
			isa = XCBuildConfiguration;
			buildSettings = {
				ALWAYS_SEARCH_USER_PATHS = NO;
				ASSETCATALOG_COMPILER_APPICON_NAME = AppIcon;
				CLANG_ENABLE_MODULES = YES;
				CLANG_ENABLE_OBJC_ARC = YES;
				CLANG_ENABLE_OBJC_WEAK = YES;
				CODE_SIGN_ENTITLEMENTS = AtemOSC/atemOSC.entitlements;
				CODE_SIGN_IDENTITY = "Apple Development";
				CODE_SIGN_STYLE = Automatic;
				COMBINE_HIDPI_IMAGES = YES;
				CURRENT_PROJECT_VERSION = 6;
				DEBUG_INFORMATION_FORMAT = "dwarf-with-dsym";
				DEVELOPMENT_TEAM = LRNWZB2D4D;
				ENABLE_HARDENED_RUNTIME = YES;
				FRAMEWORK_SEARCH_PATHS = (
					"$(inherited)",
					"\"$(SYSTEM_APPS_DIR)/Blackmagic ATEM Switchers/Developer SDK/Mac OS X/Samples/SwitcherPanel\"",
					"\"$(SRCROOT)\"",
				);
				GCC_MODEL_TUNING = G5;
				GCC_PRECOMPILE_PREFIX_HEADER = YES;
				GCC_PREFIX_HEADER = SwitcherPanel_Prefix.pch;
				INFOPLIST_FILE = "atemOSC-Info.plist";
				INSTALL_PATH = "$(HOME)/Applications";
				LD_RUNPATH_SEARCH_PATHS = "@loader_path/../Frameworks @executable_path/../Frameworks";
				MACH_O_TYPE = mh_execute;
				MACOSX_DEPLOYMENT_TARGET = 10.9;
				MARKETING_VERSION = 4.0.0;
				PRODUCT_BUNDLE_IDENTIFIER = com.atemosc.atemOSC;
				PRODUCT_NAME = atemOSC;
				PROVISIONING_PROFILE_SPECIFIER = "";
				SDKROOT = macosx;
				SWIFT_OBJC_BRIDGING_HEADER = "AtemOSC-Bridging-Header.h";
				SWIFT_VERSION = 5.0;
			};
			name = Release;
		};
		C01FCF4F08A954540054247B /* Debug */ = {
			isa = XCBuildConfiguration;
			buildSettings = {
				CLANG_ANALYZER_LOCALIZABILITY_NONLOCALIZED = YES;
				CLANG_WARN_BLOCK_CAPTURE_AUTORELEASING = YES;
				CLANG_WARN_BOOL_CONVERSION = YES;
				CLANG_WARN_COMMA = YES;
				CLANG_WARN_CONSTANT_CONVERSION = YES;
				CLANG_WARN_DEPRECATED_OBJC_IMPLEMENTATIONS = YES;
				CLANG_WARN_EMPTY_BODY = YES;
				CLANG_WARN_ENUM_CONVERSION = YES;
				CLANG_WARN_INFINITE_RECURSION = YES;
				CLANG_WARN_INT_CONVERSION = YES;
				CLANG_WARN_NON_LITERAL_NULL_CONVERSION = YES;
				CLANG_WARN_OBJC_IMPLICIT_RETAIN_SELF = YES;
				CLANG_WARN_OBJC_LITERAL_CONVERSION = YES;
				CLANG_WARN_QUOTED_INCLUDE_IN_FRAMEWORK_HEADER = YES;
				CLANG_WARN_RANGE_LOOP_ANALYSIS = YES;
				CLANG_WARN_STRICT_PROTOTYPES = YES;
				CLANG_WARN_SUSPICIOUS_MOVE = YES;
				CLANG_WARN_UNREACHABLE_CODE = YES;
				CLANG_WARN__DUPLICATE_METHOD_MATCH = YES;
				ENABLE_STRICT_OBJC_MSGSEND = YES;
				ENABLE_TESTABILITY = YES;
				GCC_C_LANGUAGE_STANDARD = gnu99;
				GCC_NO_COMMON_BLOCKS = YES;
				GCC_OPTIMIZATION_LEVEL = 0;
				GCC_WARN_64_TO_32_BIT_CONVERSION = YES;
				GCC_WARN_ABOUT_RETURN_TYPE = YES;
				GCC_WARN_UNDECLARED_SELECTOR = YES;
				GCC_WARN_UNINITIALIZED_AUTOS = YES;
				GCC_WARN_UNUSED_FUNCTION = YES;
				GCC_WARN_UNUSED_VARIABLE = YES;
				LD_RUNPATH_SEARCH_PATHS = "";
				MACOSX_DEPLOYMENT_TARGET = 10.9;
				ONLY_ACTIVE_ARCH = YES;
				SDKROOT = macosx;
			};
			name = Debug;
		};
		C01FCF5008A954540054247B /* Release */ = {
			isa = XCBuildConfiguration;
			buildSettings = {
				CLANG_ANALYZER_LOCALIZABILITY_NONLOCALIZED = YES;
				CLANG_WARN_BLOCK_CAPTURE_AUTORELEASING = YES;
				CLANG_WARN_BOOL_CONVERSION = YES;
				CLANG_WARN_COMMA = YES;
				CLANG_WARN_CONSTANT_CONVERSION = YES;
				CLANG_WARN_DEPRECATED_OBJC_IMPLEMENTATIONS = YES;
				CLANG_WARN_EMPTY_BODY = YES;
				CLANG_WARN_ENUM_CONVERSION = YES;
				CLANG_WARN_INFINITE_RECURSION = YES;
				CLANG_WARN_INT_CONVERSION = YES;
				CLANG_WARN_NON_LITERAL_NULL_CONVERSION = YES;
				CLANG_WARN_OBJC_IMPLICIT_RETAIN_SELF = YES;
				CLANG_WARN_OBJC_LITERAL_CONVERSION = YES;
				CLANG_WARN_QUOTED_INCLUDE_IN_FRAMEWORK_HEADER = YES;
				CLANG_WARN_RANGE_LOOP_ANALYSIS = YES;
				CLANG_WARN_STRICT_PROTOTYPES = YES;
				CLANG_WARN_SUSPICIOUS_MOVE = YES;
				CLANG_WARN_UNREACHABLE_CODE = YES;
				CLANG_WARN__DUPLICATE_METHOD_MATCH = YES;
				ENABLE_STRICT_OBJC_MSGSEND = YES;
				GCC_C_LANGUAGE_STANDARD = gnu99;
				GCC_NO_COMMON_BLOCKS = YES;
				GCC_WARN_64_TO_32_BIT_CONVERSION = YES;
				GCC_WARN_ABOUT_RETURN_TYPE = YES;
				GCC_WARN_UNDECLARED_SELECTOR = YES;
				GCC_WARN_UNINITIALIZED_AUTOS = YES;
				GCC_WARN_UNUSED_FUNCTION = YES;
				GCC_WARN_UNUSED_VARIABLE = YES;
				LD_RUNPATH_SEARCH_PATHS = "";
				MACOSX_DEPLOYMENT_TARGET = 10.9;
				SDKROOT = macosx;
			};
			name = Release;
		};
/* End XCBuildConfiguration section */

/* Begin XCConfigurationList section */
		C01FCF4A08A954540054247B /* Build configuration list for PBXNativeTarget "AtemOSC" */ = {
			isa = XCConfigurationList;
			buildConfigurations = (
				C01FCF4B08A954540054247B /* Debug */,
				C01FCF4C08A954540054247B /* Release */,
			);
			defaultConfigurationIsVisible = 0;
			defaultConfigurationName = Release;
		};
		C01FCF4E08A954540054247B /* Build configuration list for PBXProject "atemOSC" */ = {
			isa = XCConfigurationList;
			buildConfigurations = (
				C01FCF4F08A954540054247B /* Debug */,
				C01FCF5008A954540054247B /* Release */,
			);
			defaultConfigurationIsVisible = 0;
			defaultConfigurationName = Release;
		};
/* End XCConfigurationList section */
	};
	rootObject = 29B97313FDCFA39411CA2CEA /* Project object */;
}
