// !$*UTF8*$!
{
	archiveVersion = 1;
	classes = {
	};
	objectVersion = 46;
	objects = {

/* Begin PBXBuildFile section */
		1857BF46194D41240053631F /* atemOSC.icns in Resources */ = {isa = PBXBuildFile; fileRef = 1857BF45194D41240053631F /* atemOSC.icns */; };
		18E8D87D1EA8DC6400F69290 /* Images.xcassets in Resources */ = {isa = PBXBuildFile; fileRef = 18E8D87C1EA8DC6400F69290 /* Images.xcassets */; };
		1DDD58160DA1D0A300B32029 /* MainMenu.xib in Resources */ = {isa = PBXBuildFile; fileRef = 1DDD58140DA1D0A300B32029 /* MainMenu.xib */; };
		256AC3DA0F4B6AC300CF3369 /* AppDelegate.mm in Sources */ = {isa = PBXBuildFile; fileRef = 256AC3D90F4B6AC300CF3369 /* AppDelegate.mm */; };
		333E3045161395CF0002287B /* IOKit.framework in Frameworks */ = {isa = PBXBuildFile; fileRef = 333E3044161395CF0002287B /* IOKit.framework */; };
		335AB1BF15703EF4003EA2D2 /* VVOSC.framework in Frameworks */ = {isa = PBXBuildFile; fileRef = 335AB1BB15703EF4003EA2D2 /* VVOSC.framework */; };
		335AB1C115703EF4003EA2D2 /* VVBasics.framework in Frameworks */ = {isa = PBXBuildFile; fileRef = 335AB1BD15703EF4003EA2D2 /* VVBasics.framework */; };
		335AB1C315703EFA003EA2D2 /* VVOSC.framework in CopyFiles */ = {isa = PBXBuildFile; fileRef = 335AB1BB15703EF4003EA2D2 /* VVOSC.framework */; settings = {ATTRIBUTES = (CodeSignOnCopy, ); }; };
		335AB1C415703EFA003EA2D2 /* VVBasics.framework in CopyFiles */ = {isa = PBXBuildFile; fileRef = 335AB1BD15703EF4003EA2D2 /* VVBasics.framework */; settings = {ATTRIBUTES = (CodeSignOnCopy, ); }; };
		8D11072B0486CEB800E47090 /* InfoPlist.strings in Resources */ = {isa = PBXBuildFile; fileRef = 089C165CFE840E0CC02AAC07 /* InfoPlist.strings */; };
		8D11072D0486CEB800E47090 /* main.m in Sources */ = {isa = PBXBuildFile; fileRef = 29B97316FDCFA39411CA2CEA /* main.m */; settings = {ATTRIBUTES = (); }; };
		8D11072F0486CEB800E47090 /* Cocoa.framework in Frameworks */ = {isa = PBXBuildFile; fileRef = 1058C7A1FEA54F0111CA2CBB /* Cocoa.framework */; };
		A91A812F1FAEA2DC00983D66 /* Utilities.mm in Sources */ = {isa = PBXBuildFile; fileRef = A91A812D1FAEA2DC00983D66 /* Utilities.mm */; };
		A91EFE6B23D7519E00590AD0 /* OSCEndpoint.m in Sources */ = {isa = PBXBuildFile; fileRef = A91EFE6923D7519E00590AD0 /* OSCEndpoint.m */; };
		A91EFE7123D7559700590AD0 /* BMDSwitcherAPIDispatch.cpp in Sources */ = {isa = PBXBuildFile; fileRef = A91EFE7023D7559700590AD0 /* BMDSwitcherAPIDispatch.cpp */; };
		A92D308F1F832BA900CCAC68 /* FeedbackMonitors.mm in Sources */ = {isa = PBXBuildFile; fileRef = A92D308D1F832BA900CCAC68 /* FeedbackMonitors.mm */; };
		A98839421F8D913800F91789 /* OSCAddressPanel.mm in Sources */ = {isa = PBXBuildFile; fileRef = A98839411F8D913800F91789 /* OSCAddressPanel.mm */; };
		A98839481F8E307100F91789 /* SettingsWindow.mm in Sources */ = {isa = PBXBuildFile; fileRef = A98839471F8E307100F91789 /* SettingsWindow.mm */; };
		A9F7906A1F89B83D003ACBCF /* OSCReceiver.mm in Sources */ = {isa = PBXBuildFile; fileRef = A9F790691F89B83C003ACBCF /* OSCReceiver.mm */; };
/* End PBXBuildFile section */

/* Begin PBXCopyFilesBuildPhase section */
		33C7E52F156FDC7C008129CF /* CopyFiles */ = {
			isa = PBXCopyFilesBuildPhase;
			buildActionMask = 2147483647;
			dstPath = "";
			dstSubfolderSpec = 10;
			files = (
				335AB1C315703EFA003EA2D2 /* VVOSC.framework in CopyFiles */,
				335AB1C415703EFA003EA2D2 /* VVBasics.framework in CopyFiles */,
			);
			runOnlyForDeploymentPostprocessing = 0;
		};
/* End PBXCopyFilesBuildPhase section */

/* Begin PBXFileReference section */
		089C165DFE840E0CC02AAC07 /* English */ = {isa = PBXFileReference; fileEncoding = 4; lastKnownFileType = text.plist.strings; name = English; path = English.lproj/InfoPlist.strings; sourceTree = "<group>"; };
		1058C7A1FEA54F0111CA2CBB /* Cocoa.framework */ = {isa = PBXFileReference; lastKnownFileType = wrapper.framework; name = Cocoa.framework; path = /System/Library/Frameworks/Cocoa.framework; sourceTree = "<absolute>"; };
		13E42FB307B3F0F600E4EEF1 /* CoreData.framework */ = {isa = PBXFileReference; lastKnownFileType = wrapper.framework; name = CoreData.framework; path = /System/Library/Frameworks/CoreData.framework; sourceTree = "<absolute>"; };
		1857BF45194D41240053631F /* atemOSC.icns */ = {isa = PBXFileReference; lastKnownFileType = image.icns; path = atemOSC.icns; sourceTree = "<group>"; };
		18E8D87C1EA8DC6400F69290 /* Images.xcassets */ = {isa = PBXFileReference; lastKnownFileType = folder.assetcatalog; name = Images.xcassets; path = AtemOSC/Images.xcassets; sourceTree = "<group>"; };
		1DDD58150DA1D0A300B32029 /* English */ = {isa = PBXFileReference; lastKnownFileType = file.xib; name = English; path = English.lproj/MainMenu.xib; sourceTree = "<group>"; };
		256AC3D80F4B6AC300CF3369 /* AppDelegate.h */ = {isa = PBXFileReference; fileEncoding = 4; lastKnownFileType = sourcecode.c.h; path = AppDelegate.h; sourceTree = "<group>"; };
		256AC3D90F4B6AC300CF3369 /* AppDelegate.mm */ = {isa = PBXFileReference; fileEncoding = 4; lastKnownFileType = sourcecode.cpp.objcpp; path = AppDelegate.mm; sourceTree = "<group>"; };
		29B97316FDCFA39411CA2CEA /* main.m */ = {isa = PBXFileReference; fileEncoding = 4; lastKnownFileType = sourcecode.c.objc; path = main.m; sourceTree = "<group>"; };
		29B97324FDCFA39411CA2CEA /* AppKit.framework */ = {isa = PBXFileReference; lastKnownFileType = wrapper.framework; name = AppKit.framework; path = /System/Library/Frameworks/AppKit.framework; sourceTree = "<absolute>"; };
		29B97325FDCFA39411CA2CEA /* Foundation.framework */ = {isa = PBXFileReference; lastKnownFileType = wrapper.framework; name = Foundation.framework; path = /System/Library/Frameworks/Foundation.framework; sourceTree = "<absolute>"; };
		333E3044161395CF0002287B /* IOKit.framework */ = {isa = PBXFileReference; lastKnownFileType = wrapper.framework; name = IOKit.framework; path = /System/Library/Frameworks/IOKit.framework; sourceTree = "<absolute>"; };
		335AB1BB15703EF4003EA2D2 /* VVOSC.framework */ = {isa = PBXFileReference; lastKnownFileType = wrapper.framework; path = VVOSC.framework; sourceTree = "<group>"; };
		335AB1BD15703EF4003EA2D2 /* VVBasics.framework */ = {isa = PBXFileReference; lastKnownFileType = wrapper.framework; path = VVBasics.framework; sourceTree = "<group>"; };
		8D1107310486CEB800E47090 /* atemOSC-Info.plist */ = {isa = PBXFileReference; fileEncoding = 4; lastKnownFileType = text.plist.xml; path = "atemOSC-Info.plist"; sourceTree = "<group>"; };
		8D1107320486CEB800E47090 /* atemOSC.app */ = {isa = PBXFileReference; explicitFileType = wrapper.application; includeInIndex = 0; path = atemOSC.app; sourceTree = BUILT_PRODUCTS_DIR; };
		A91A812D1FAEA2DC00983D66 /* Utilities.mm */ = {isa = PBXFileReference; lastKnownFileType = sourcecode.cpp.objcpp; path = Utilities.mm; sourceTree = "<group>"; };
		A91A812E1FAEA2DC00983D66 /* Utilities.h */ = {isa = PBXFileReference; lastKnownFileType = sourcecode.c.h; path = Utilities.h; sourceTree = "<group>"; };
		A91EFE6923D7519E00590AD0 /* OSCEndpoint.m */ = {isa = PBXFileReference; fileEncoding = 4; lastKnownFileType = sourcecode.c.objc; path = OSCEndpoint.m; sourceTree = "<group>"; };
		A91EFE6A23D7519E00590AD0 /* OSCEndpoint.h */ = {isa = PBXFileReference; fileEncoding = 4; lastKnownFileType = sourcecode.c.h; path = OSCEndpoint.h; sourceTree = "<group>"; };
		A91EFE6F23D7559700590AD0 /* BMDSwitcherAPI.h */ = {isa = PBXFileReference; fileEncoding = 4; lastKnownFileType = sourcecode.c.h; path = BMDSwitcherAPI.h; sourceTree = "<group>"; };
		A91EFE7023D7559700590AD0 /* BMDSwitcherAPIDispatch.cpp */ = {isa = PBXFileReference; fileEncoding = 4; lastKnownFileType = sourcecode.cpp.cpp; path = BMDSwitcherAPIDispatch.cpp; sourceTree = "<group>"; };
		A92D308C1F832B9200CCAC68 /* FeedbackMonitors.h */ = {isa = PBXFileReference; lastKnownFileType = sourcecode.c.h; path = FeedbackMonitors.h; sourceTree = "<group>"; };
		A92D308D1F832BA900CCAC68 /* FeedbackMonitors.mm */ = {isa = PBXFileReference; lastKnownFileType = sourcecode.cpp.objcpp; path = FeedbackMonitors.mm; sourceTree = "<group>"; };
		A98839401F8D913800F91789 /* OSCAddressPanel.h */ = {isa = PBXFileReference; lastKnownFileType = sourcecode.c.h; path = OSCAddressPanel.h; sourceTree = "<group>"; };
		A98839411F8D913800F91789 /* OSCAddressPanel.mm */ = {isa = PBXFileReference; lastKnownFileType = sourcecode.cpp.objcpp; path = OSCAddressPanel.mm; sourceTree = "<group>"; };
		A98839461F8E307100F91789 /* SettingsWindow.h */ = {isa = PBXFileReference; lastKnownFileType = sourcecode.c.h; path = SettingsWindow.h; sourceTree = "<group>"; };
		A98839471F8E307100F91789 /* SettingsWindow.mm */ = {isa = PBXFileReference; lastKnownFileType = sourcecode.cpp.objcpp; path = SettingsWindow.mm; sourceTree = "<group>"; };
		A9F790691F89B83C003ACBCF /* OSCReceiver.mm */ = {isa = PBXFileReference; lastKnownFileType = sourcecode.cpp.objcpp; path = OSCReceiver.mm; sourceTree = "<group>"; };
		A9F7906B1F89B857003ACBCF /* OSCReceiver.h */ = {isa = PBXFileReference; lastKnownFileType = sourcecode.c.h; path = OSCReceiver.h; sourceTree = "<group>"; };
/* End PBXFileReference section */

/* Begin PBXFrameworksBuildPhase section */
		8D11072E0486CEB800E47090 /* Frameworks */ = {
			isa = PBXFrameworksBuildPhase;
			buildActionMask = 2147483647;
			files = (
				333E3045161395CF0002287B /* IOKit.framework in Frameworks */,
				8D11072F0486CEB800E47090 /* Cocoa.framework in Frameworks */,
				335AB1BF15703EF4003EA2D2 /* VVOSC.framework in Frameworks */,
				335AB1C115703EF4003EA2D2 /* VVBasics.framework in Frameworks */,
			);
			runOnlyForDeploymentPostprocessing = 0;
		};
/* End PBXFrameworksBuildPhase section */

/* Begin PBXGroup section */
		080E96DDFE201D6D7F000001 /* Classes */ = {
			isa = PBXGroup;
			children = (
				256AC3D80F4B6AC300CF3369 /* AppDelegate.h */,
				256AC3D90F4B6AC300CF3369 /* AppDelegate.mm */,
				A98839461F8E307100F91789 /* SettingsWindow.h */,
				A98839471F8E307100F91789 /* SettingsWindow.mm */,
				A98839401F8D913800F91789 /* OSCAddressPanel.h */,
				A98839411F8D913800F91789 /* OSCAddressPanel.mm */,
				A92D308C1F832B9200CCAC68 /* FeedbackMonitors.h */,
				A92D308D1F832BA900CCAC68 /* FeedbackMonitors.mm */,
				A9F7906B1F89B857003ACBCF /* OSCReceiver.h */,
				A9F790691F89B83C003ACBCF /* OSCReceiver.mm */,
				A91A812E1FAEA2DC00983D66 /* Utilities.h */,
				A91A812D1FAEA2DC00983D66 /* Utilities.mm */,
				A91EFE6A23D7519E00590AD0 /* OSCEndpoint.h */,
				A91EFE6923D7519E00590AD0 /* OSCEndpoint.m */,
			);
			name = Classes;
			sourceTree = "<group>";
		};
		1058C7A0FEA54F0111CA2CBB /* Linked Frameworks */ = {
			isa = PBXGroup;
			children = (
				333E3044161395CF0002287B /* IOKit.framework */,
				335AB1BB15703EF4003EA2D2 /* VVOSC.framework */,
				335AB1BD15703EF4003EA2D2 /* VVBasics.framework */,
				1058C7A1FEA54F0111CA2CBB /* Cocoa.framework */,
			);
			name = "Linked Frameworks";
			sourceTree = "<group>";
		};
		1058C7A2FEA54F0111CA2CBB /* Other Frameworks */ = {
			isa = PBXGroup;
			children = (
				29B97324FDCFA39411CA2CEA /* AppKit.framework */,
				13E42FB307B3F0F600E4EEF1 /* CoreData.framework */,
				29B97325FDCFA39411CA2CEA /* Foundation.framework */,
			);
			name = "Other Frameworks";
			sourceTree = "<group>";
		};
		19C28FACFE9D520D11CA2CBB /* Products */ = {
			isa = PBXGroup;
			children = (
				8D1107320486CEB800E47090 /* atemOSC.app */,
			);
			name = Products;
			sourceTree = "<group>";
		};
		29B97314FDCFA39411CA2CEA /* SwitcherPanel */ = {
			isa = PBXGroup;
			children = (
				080E96DDFE201D6D7F000001 /* Classes */,
				29B97315FDCFA39411CA2CEA /* Other Sources */,
				29B97317FDCFA39411CA2CEA /* Resources */,
				29B97323FDCFA39411CA2CEA /* Frameworks */,
				19C28FACFE9D520D11CA2CBB /* Products */,
			);
			name = SwitcherPanel;
			sourceTree = "<group>";
		};
		29B97315FDCFA39411CA2CEA /* Other Sources */ = {
			isa = PBXGroup;
			children = (
				A91EFE6F23D7559700590AD0 /* BMDSwitcherAPI.h */,
				A91EFE7023D7559700590AD0 /* BMDSwitcherAPIDispatch.cpp */,
				29B97316FDCFA39411CA2CEA /* main.m */,
			);
			name = "Other Sources";
			sourceTree = "<group>";
		};
		29B97317FDCFA39411CA2CEA /* Resources */ = {
			isa = PBXGroup;
			children = (
				18E8D87C1EA8DC6400F69290 /* Images.xcassets */,
				8D1107310486CEB800E47090 /* atemOSC-Info.plist */,
				089C165CFE840E0CC02AAC07 /* InfoPlist.strings */,
				1857BF45194D41240053631F /* atemOSC.icns */,
				1DDD58140DA1D0A300B32029 /* MainMenu.xib */,
			);
			name = Resources;
			sourceTree = "<group>";
		};
		29B97323FDCFA39411CA2CEA /* Frameworks */ = {
			isa = PBXGroup;
			children = (
				1058C7A0FEA54F0111CA2CBB /* Linked Frameworks */,
				1058C7A2FEA54F0111CA2CBB /* Other Frameworks */,
			);
			name = Frameworks;
			sourceTree = "<group>";
		};
/* End PBXGroup section */

/* Begin PBXNativeTarget section */
		8D1107260486CEB800E47090 /* AtemOSC */ = {
			isa = PBXNativeTarget;
			buildConfigurationList = C01FCF4A08A954540054247B /* Build configuration list for PBXNativeTarget "AtemOSC" */;
			buildPhases = (
				8D1107290486CEB800E47090 /* Resources */,
				8D11072C0486CEB800E47090 /* Sources */,
				8D11072E0486CEB800E47090 /* Frameworks */,
				33C7E52F156FDC7C008129CF /* CopyFiles */,
			);
			buildRules = (
			);
			dependencies = (
			);
			name = AtemOSC;
			productInstallPath = "$(HOME)/Applications";
			productName = SwitcherPanel;
			productReference = 8D1107320486CEB800E47090 /* atemOSC.app */;
			productType = "com.apple.product-type.application";
		};
/* End PBXNativeTarget section */

/* Begin PBXProject section */
		29B97313FDCFA39411CA2CEA /* Project object */ = {
			isa = PBXProject;
			attributes = {
				LastUpgradeCheck = 0830;
				TargetAttributes = {
					8D1107260486CEB800E47090 = {
						DevelopmentTeam = K5C6E7A2D6;
					};
				};
			};
			buildConfigurationList = C01FCF4E08A954540054247B /* Build configuration list for PBXProject "atemOSC" */;
			compatibilityVersion = "Xcode 3.2";
			developmentRegion = English;
			hasScannedForEncodings = 1;
			knownRegions = (
				English,
				Japanese,
				French,
				German,
			);
			mainGroup = 29B97314FDCFA39411CA2CEA /* SwitcherPanel */;
			projectDirPath = "";
			projectRoot = "";
			targets = (
				8D1107260486CEB800E47090 /* AtemOSC */,
			);
		};
/* End PBXProject section */

/* Begin PBXResourcesBuildPhase section */
		8D1107290486CEB800E47090 /* Resources */ = {
			isa = PBXResourcesBuildPhase;
			buildActionMask = 2147483647;
			files = (
				8D11072B0486CEB800E47090 /* InfoPlist.strings in Resources */,
				18E8D87D1EA8DC6400F69290 /* Images.xcassets in Resources */,
				1857BF46194D41240053631F /* atemOSC.icns in Resources */,
				1DDD58160DA1D0A300B32029 /* MainMenu.xib in Resources */,
			);
			runOnlyForDeploymentPostprocessing = 0;
		};
/* End PBXResourcesBuildPhase section */

/* Begin PBXSourcesBuildPhase section */
		8D11072C0486CEB800E47090 /* Sources */ = {
			isa = PBXSourcesBuildPhase;
			buildActionMask = 2147483647;
			files = (
				A98839481F8E307100F91789 /* SettingsWindow.mm in Sources */,
				8D11072D0486CEB800E47090 /* main.m in Sources */,
				A91A812F1FAEA2DC00983D66 /* Utilities.mm in Sources */,
				A91EFE6B23D7519E00590AD0 /* OSCEndpoint.m in Sources */,
				A98839421F8D913800F91789 /* OSCAddressPanel.mm in Sources */,
				A9F7906A1F89B83D003ACBCF /* OSCReceiver.mm in Sources */,
				256AC3DA0F4B6AC300CF3369 /* AppDelegate.mm in Sources */,
				A92D308F1F832BA900CCAC68 /* FeedbackMonitors.mm in Sources */,
				A91EFE7123D7559700590AD0 /* BMDSwitcherAPIDispatch.cpp in Sources */,
			);
			runOnlyForDeploymentPostprocessing = 0;
		};
/* End PBXSourcesBuildPhase section */

/* Begin PBXVariantGroup section */
		089C165CFE840E0CC02AAC07 /* InfoPlist.strings */ = {
			isa = PBXVariantGroup;
			children = (
				089C165DFE840E0CC02AAC07 /* English */,
			);
			name = InfoPlist.strings;
			sourceTree = "<group>";
		};
		1DDD58140DA1D0A300B32029 /* MainMenu.xib */ = {
			isa = PBXVariantGroup;
			children = (
				1DDD58150DA1D0A300B32029 /* English */,
			);
			name = MainMenu.xib;
			sourceTree = "<group>";
		};
/* End PBXVariantGroup section */

/* Begin XCBuildConfiguration section */
		C01FCF4B08A954540054247B /* Debug */ = {
			isa = XCBuildConfiguration;
			buildSettings = {
				ALWAYS_SEARCH_USER_PATHS = NO;
				ASSETCATALOG_COMPILER_APPICON_NAME = AppIcon;
				COMBINE_HIDPI_IMAGES = YES;
				COPY_PHASE_STRIP = NO;
				FRAMEWORK_SEARCH_PATHS = (
					"$(inherited)",
					"\"$(SYSTEM_APPS_DIR)/Blackmagic ATEM Switchers/Developer SDK/Mac OS X/Samples/SwitcherPanel\"",
					"\"$(SRCROOT)\"",
				);
				GCC_DYNAMIC_NO_PIC = NO;
				GCC_MODEL_TUNING = G5;
				GCC_OPTIMIZATION_LEVEL = 0;
				GCC_PRECOMPILE_PREFIX_HEADER = YES;
				GCC_PREFIX_HEADER = SwitcherPanel_Prefix.pch;
				INFOPLIST_FILE = "atemOSC-Info.plist";
				INSTALL_PATH = "$(HOME)/Applications";
				LD_RUNPATH_SEARCH_PATHS = "@loader_path/../Frameworks @executable_path/../Frameworks";
				MACH_O_TYPE = mh_execute;
				MACOSX_DEPLOYMENT_TARGET = 10.9;
				MARKETING_VERSION = 3.1.5;
				PRODUCT_BUNDLE_IDENTIFIER = "cc.buechele.${PRODUCT_NAME:rfc1034identifier}";
				PRODUCT_NAME = atemOSC;
				SDKROOT = macosx;
			};
			name = Debug;
		};
		C01FCF4C08A954540054247B /* Release */ = {
			isa = XCBuildConfiguration;
			buildSettings = {
				ALWAYS_SEARCH_USER_PATHS = NO;
				ASSETCATALOG_COMPILER_APPICON_NAME = AppIcon;
				COMBINE_HIDPI_IMAGES = YES;
				DEBUG_INFORMATION_FORMAT = "dwarf-with-dsym";
				FRAMEWORK_SEARCH_PATHS = (
					"$(inherited)",
					"\"$(SYSTEM_APPS_DIR)/Blackmagic ATEM Switchers/Developer SDK/Mac OS X/Samples/SwitcherPanel\"",
					"\"$(SRCROOT)\"",
				);
				GCC_MODEL_TUNING = G5;
				GCC_PRECOMPILE_PREFIX_HEADER = YES;
				GCC_PREFIX_HEADER = SwitcherPanel_Prefix.pch;
				INFOPLIST_FILE = "atemOSC-Info.plist";
				INSTALL_PATH = "$(HOME)/Applications";
				LD_RUNPATH_SEARCH_PATHS = "@loader_path/../Frameworks @executable_path/../Frameworks";
				MACH_O_TYPE = mh_execute;
				MACOSX_DEPLOYMENT_TARGET = 10.9;
				MARKETING_VERSION = 3.1.5;
				PRODUCT_BUNDLE_IDENTIFIER = "cc.buechele.${PRODUCT_NAME:rfc1034identifier}";
				PRODUCT_NAME = atemOSC;
				SDKROOT = macosx;
			};
			name = Release;
		};
		C01FCF4F08A954540054247B /* Debug */ = {
			isa = XCBuildConfiguration;
			buildSettings = {
				CLANG_ANALYZER_LOCALIZABILITY_NONLOCALIZED = YES;
				CLANG_WARN_BOOL_CONVERSION = YES;
				CLANG_WARN_CONSTANT_CONVERSION = YES;
				CLANG_WARN_EMPTY_BODY = YES;
				CLANG_WARN_ENUM_CONVERSION = YES;
				CLANG_WARN_INFINITE_RECURSION = YES;
				CLANG_WARN_INT_CONVERSION = YES;
				CLANG_WARN_SUSPICIOUS_MOVE = YES;
				CLANG_WARN_UNREACHABLE_CODE = YES;
				CLANG_WARN__DUPLICATE_METHOD_MATCH = YES;
				ENABLE_STRICT_OBJC_MSGSEND = YES;
				ENABLE_TESTABILITY = YES;
				GCC_C_LANGUAGE_STANDARD = gnu99;
				GCC_NO_COMMON_BLOCKS = YES;
				GCC_OPTIMIZATION_LEVEL = 0;
				GCC_WARN_64_TO_32_BIT_CONVERSION = YES;
				GCC_WARN_ABOUT_RETURN_TYPE = YES;
				GCC_WARN_UNDECLARED_SELECTOR = YES;
				GCC_WARN_UNINITIALIZED_AUTOS = YES;
				GCC_WARN_UNUSED_FUNCTION = YES;
				GCC_WARN_UNUSED_VARIABLE = YES;
				LD_RUNPATH_SEARCH_PATHS = "";
				MACOSX_DEPLOYMENT_TARGET = 10.9;
				ONLY_ACTIVE_ARCH = YES;
				SDKROOT = macosx;
			};
			name = Debug;
		};
		C01FCF5008A954540054247B /* Release */ = {
			isa = XCBuildConfiguration;
			buildSettings = {
				CLANG_ANALYZER_LOCALIZABILITY_NONLOCALIZED = YES;
				CLANG_WARN_BOOL_CONVERSION = YES;
				CLANG_WARN_CONSTANT_CONVERSION = YES;
				CLANG_WARN_EMPTY_BODY = YES;
				CLANG_WARN_ENUM_CONVERSION = YES;
				CLANG_WARN_INFINITE_RECURSION = YES;
				CLANG_WARN_INT_CONVERSION = YES;
				CLANG_WARN_SUSPICIOUS_MOVE = YES;
				CLANG_WARN_UNREACHABLE_CODE = YES;
				CLANG_WARN__DUPLICATE_METHOD_MATCH = YES;
				ENABLE_STRICT_OBJC_MSGSEND = YES;
				GCC_C_LANGUAGE_STANDARD = gnu99;
				GCC_NO_COMMON_BLOCKS = YES;
				GCC_WARN_64_TO_32_BIT_CONVERSION = YES;
				GCC_WARN_ABOUT_RETURN_TYPE = YES;
				GCC_WARN_UNDECLARED_SELECTOR = YES;
				GCC_WARN_UNINITIALIZED_AUTOS = YES;
				GCC_WARN_UNUSED_FUNCTION = YES;
				GCC_WARN_UNUSED_VARIABLE = YES;
				LD_RUNPATH_SEARCH_PATHS = "";
				MACOSX_DEPLOYMENT_TARGET = 10.9;
				SDKROOT = macosx;
			};
			name = Release;
		};
/* End XCBuildConfiguration section */

/* Begin XCConfigurationList section */
		C01FCF4A08A954540054247B /* Build configuration list for PBXNativeTarget "AtemOSC" */ = {
			isa = XCConfigurationList;
			buildConfigurations = (
				C01FCF4B08A954540054247B /* Debug */,
				C01FCF4C08A954540054247B /* Release */,
			);
			defaultConfigurationIsVisible = 0;
			defaultConfigurationName = Release;
		};
		C01FCF4E08A954540054247B /* Build configuration list for PBXProject "atemOSC" */ = {
			isa = XCConfigurationList;
			buildConfigurations = (
				C01FCF4F08A954540054247B /* Debug */,
				C01FCF5008A954540054247B /* Release */,
			);
			defaultConfigurationIsVisible = 0;
			defaultConfigurationName = Release;
		};
/* End XCConfigurationList section */
	};
	rootObject = 29B97313FDCFA39411CA2CEA /* Project object */;
}
